{
  "requires": true,
  "lockfileVersion": 1,
  "dependencies": {
    "angular": {
      "version": "1.8.2",
      "resolved": "https://registry.npmjs.org/angular/-/angular-1.8.2.tgz",
      "integrity": "sha512-IauMOej2xEe7/7Ennahkbb5qd/HFADiNuLSESz9Q27inmi32zB0lnAsFeLEWcox3Gd1F6YhNd1CP7/9IukJ0Gw=="
    },
    "angular-animate": {
      "version": "1.8.2",
      "resolved": "https://registry.npmjs.org/angular-animate/-/angular-animate-1.8.2.tgz",
      "integrity": "sha512-Jbr9+grNMs9Kj57xuBU3Ju3NOPAjS1+g2UAwwDv7su1lt0/PLDy+9zEwDiu8C8xJceoTbmBNKiWGPJGBdCQLlA=="
    },
    "angular-aria": {
      "version": "1.8.2",
      "resolved": "https://registry.npmjs.org/angular-aria/-/angular-aria-1.8.2.tgz",
      "integrity": "sha512-xWT1Lm+Xug2GM6nGNMioBP4hXt3sj2eGaExa4cVCZUYSVWezgyuD1RiLgzJzwTkBGYplHQUzQaz3yDY8jVI6yQ=="
    },
    "angular-material": {
      "version": "1.2.2",
      "resolved": "https://registry.npmjs.org/angular-material/-/angular-material-1.2.2.tgz",
      "integrity": "sha512-GtrBzYDg5zHYX/OUqxo72zb9bsY0RDuIA+4ZsZjuv1r+L4q9UAtkeIZzMXVGua6CCNgfB58cKep3TmxtAZhNwg=="
    },
    "bluebird": {
      "version": "3.7.2",
      "resolved": "https://registry.npmjs.org/bluebird/-/bluebird-3.7.2.tgz",
      "integrity": "sha512-XpNj6GDQzdfW+r2Wnn7xiSAd7TM3jzkxGXBGTtWKuSXv1xUV+azxAm8jdWZN06QTQk+2N2XB9jRDkvbmQmcRtg==",
      "dev": true
    },
    "grunt-build-control": {
      "version": "0.7.1",
      "resolved": "https://registry.npmjs.org/grunt-build-control/-/grunt-build-control-0.7.1.tgz",
      "integrity": "sha1-lCnTRRZ+eg+8DM3FnLHtvZye4Ng=",
      "dev": true,
      "requires": {
        "bluebird": "^3.0.6",
        "semver": "~4.3.3",
        "shelljs": "~0.2.6"
      }
    },
    "semver": {
      "version": "4.3.6",
      "resolved": "https://registry.npmjs.org/semver/-/semver-4.3.6.tgz",
      "integrity": "sha1-MAvG4OhjdPe6YQaLWx7NV/xlMto=",
      "dev": true
    },
    "shelljs": {
      "version": "0.2.6",
      "resolved": "https://registry.npmjs.org/shelljs/-/shelljs-0.2.6.tgz",
      "integrity": "sha1-kEktcv/MgVmXa6umL7D2iE8MM3g=",
      "dev": true
    }
  }
}
